
Microsoft Visual Studio Solution File, Format Version 12.00
# Visual Studio Version 17
VisualStudioVersion = 17.9.34607.119
MinimumVisualStudioVersion = 10.0.40219.1
Project("{8BC9CEB8-8B4A-11D0-8D11-00A0C91BC942}") = "PR1", "PR1\PR1.vcxproj", "{B3B3BE25-CE8C-4C5F-A824-93AA8CF7742C}"
EndProject
Global
	GlobalSection(SolutionConfigurationPlatforms) = preSolution
		Debug|x64 = Debug|x64
		Debug|x86 = Debug|x86
		Release|x64 = Release|x64
		Release|x86 = Release|x86
	EndGlobalSection
	GlobalSection(ProjectConfigurationPlatforms) = postSolution
		{B3B3BE25-CE8C-4C5F-A824-93AA8CF7742C}.Debug|x64.ActiveCfg = Debug|x64
		{B3B3BE25-CE8C-4C5F-A824-93AA8CF7742C}.Debug|x64.Build.0 = Debug|x64
		{B3B3BE25-CE8C-4C5F-A824-93AA8CF7742C}.Debug|x86.ActiveCfg = Debug|Win32
		{B3B3BE25-CE8C-4C5F-A824-93AA8CF7742C}.Debug|x86.Build.0 = Debug|Win32
		{B3B3BE25-CE8C-4C5F-A824-93AA8CF7742C}.Release|x64.ActiveCfg = Release|x64
		{B3B3BE25-CE8C-4C5F-A824-93AA8CF7742C}.Release|x64.Build.0 = Release|x64
		{B3B3BE25-CE8C-4C5F-A824-93AA8CF7742C}.Release|x86.ActiveCfg = Release|Win32
		{B3B3BE25-CE8C-4C5F-A824-93AA8CF7742C}.Release|x86.Build.0 = Release|Win32
	EndGlobalSection
	GlobalSection(SolutionProperties) = preSolution
		HideSolutionNode = FALSE
	EndGlobalSection
	GlobalSection(ExtensibilityGlobals) = postSolution
		SolutionGuid = {E456BBA2-2785-484D-912D-8CCD75871DDD}
	EndGlobalSection
EndGlobal
